
Microsoft Visual Studio Solution File, Format Version 11.00
# Visual Studio 2010
Project("{FAE04EC0-301F-11D3-BF4B-00C04F79EFBC}") = "FlipIt", "FlipIt\FlipIt.csproj", "{A52FE704-7788-4B10-A752-92CFD1851FED}"
EndProject
Project("{FAE04EC0-301F-11D3-BF4B-00C04F79EFBC}") = "FlipIt.Tests", "FlipIt.Tests\FlipIt.Tests.csproj", "{365C0220-6D8C-4FDE-B1BA-90174AA3782C}"
EndProject
Global
	GlobalSection(SolutionConfigurationPlatforms) = preSolution
		Debug|Any CPU = Debug|Any CPU
		Release|Any CPU = Release|Any CPU
	EndGlobalSection
	GlobalSection(ProjectConfigurationPlatforms) = postSolution
		{A52FE704-7788-4B10-A752-92CFD1851FED}.Debug|Any CPU.ActiveCfg = Debug|Any CPU
		{A52FE704-7788-4B10-A752-92CFD1851FED}.Debug|Any CPU.Build.0 = Debug|Any CPU
		{A52FE704-7788-4B10-A752-92CFD1851FED}.Release|Any CPU.ActiveCfg = Release|Any CPU
		{A52FE704-7788-4B10-A752-92CFD1851FED}.Release|Any CPU.Build.0 = Release|Any CPU
		{365C0220-6D8C-4FDE-B1BA-90174AA3782C}.Debug|Any CPU.ActiveCfg = Debug|Any CPU
		{365C0220-6D8C-4FDE-B1BA-90174AA3782C}.Debug|Any CPU.Build.0 = Debug|Any CPU
		{365C0220-6D8C-4FDE-B1BA-90174AA3782C}.Release|Any CPU.ActiveCfg = Release|Any CPU
		{365C0220-6D8C-4FDE-B1BA-90174AA3782C}.Release|Any CPU.Build.0 = Release|Any CPU
	EndGlobalSection
	GlobalSection(SolutionProperties) = preSolution
		HideSolutionNode = FALSE
	EndGlobalSection
EndGlobal
